
Microsoft Visual Studio Solution File, Format Version 12.00
# Visual Studio Version 17
VisualStudioVersion = 17.0.31903.59
MinimumVisualStudioVersion = 10.0.40219.1
Project("{FAE04EC0-301F-11D3-BF4B-00C04F79EFBC}") = "Cosmos.Samples.NoSQL.AiChat.Web", "web\Cosmos.Samples.NoSQL.AiChat.Web.csproj", "{99285CDD-D814-4964-A94C-1D424B8D2394}"
EndProject
Project("{FAE04EC0-301F-11D3-BF4B-00C04F79EFBC}") = "Cosmos.Samples.NoSQL.AiChat.Api", "api\Cosmos.Samples.NoSQL.AiChat.Api.csproj", "{8255912F-9920-4C31-8EB3-AF9BD71244A7}"
EndProject
Global
	GlobalSection(SolutionConfigurationPlatforms) = preSolution
		Debug|Any CPU = Debug|Any CPU
		Release|Any CPU = Release|Any CPU
	EndGlobalSection
	GlobalSection(SolutionProperties) = preSolution
		HideSolutionNode = FALSE
	EndGlobalSection
	GlobalSection(ProjectConfigurationPlatforms) = postSolution
		{99285CDD-D814-4964-A94C-1D424B8D2394}.Debug|Any CPU.ActiveCfg = Debug|Any CPU
		{99285CDD-D814-4964-A94C-1D424B8D2394}.Debug|Any CPU.Build.0 = Debug|Any CPU
		{99285CDD-D814-4964-A94C-1D424B8D2394}.Release|Any CPU.ActiveCfg = Release|Any CPU
		{99285CDD-D814-4964-A94C-1D424B8D2394}.Release|Any CPU.Build.0 = Release|Any CPU
		{8255912F-9920-4C31-8EB3-AF9BD71244A7}.Debug|Any CPU.ActiveCfg = Debug|Any CPU
		{8255912F-9920-4C31-8EB3-AF9BD71244A7}.Debug|Any CPU.Build.0 = Debug|Any CPU
		{8255912F-9920-4C31-8EB3-AF9BD71244A7}.Release|Any CPU.ActiveCfg = Release|Any CPU
		{8255912F-9920-4C31-8EB3-AF9BD71244A7}.Release|Any CPU.Build.0 = Release|Any CPU
	EndGlobalSection
EndGlobal
